
Microsoft Visual Studio Solution File, Format Version 12.00
# Visual Studio Version 17
VisualStudioVersion = 17.6.33829.357
MinimumVisualStudioVersion = 10.0.40219.1
Project("{9A19103F-16F7-4668-BE54-9A1E7A4F7556}") = "Football", "Football\Football.csproj", "{2EA05673-9B2E-4E36-80CD-F9D6926F338D}"
EndProject
Project("{9A19103F-16F7-4668-BE54-9A1E7A4F7556}") = "Football.Api", "Football.Api\Football.Api.csproj", "{36421247-1F6B-4A8A-B7D9-0F4FE492178C}"
EndProject
Project("{2150E333-8FDC-42A3-9474-1A3956D46DE8}") = "Applications", "Applications", "{747EBABE-16B2-4497-9347-9DACC3FBCCE8}"
EndProject
Project("{9A19103F-16F7-4668-BE54-9A1E7A4F7556}") = "Football.UI", "Football.UI\Football.UI.csproj", "{402E91B2-E01B-4026-9B20-50176A01A324}"
EndProject
Project("{9A19103F-16F7-4668-BE54-9A1E7A4F7556}") = "Football.News", "Football.News\Football.News.csproj", "{A2571303-0E07-44F2-BFF4-DA36486FDE94}"
EndProject
Project("{2150E333-8FDC-42A3-9474-1A3956D46DE8}") = "Solution Items", "Solution Items", "{1B5C6734-D76F-446A-A35E-11E8C3A89B2D}"
	ProjectSection(SolutionItems) = preProject
		.editorconfig = .editorconfig
	EndProjectSection
EndProject
Project("{9A19103F-16F7-4668-BE54-9A1E7A4F7556}") = "Football.Data", "Football.Data\Football.Data.csproj", "{D901228F-DA3D-43A2-8B66-D45C397E6B7A}"
EndProject
Project("{9A19103F-16F7-4668-BE54-9A1E7A4F7556}") = "Football.Fantasy", "Football.Fantasy\Football.Fantasy.csproj", "{F6A39569-6AA8-45EC-A248-5E83B4215C84}"
EndProject
Project("{9A19103F-16F7-4668-BE54-9A1E7A4F7556}") = "Football.Projections", "Football.Projections\Football.Projections.csproj", "{02F2086A-AFFD-445E-8965-06DD33BCC1A3}"
EndProject
Project("{9A19103F-16F7-4668-BE54-9A1E7A4F7556}") = "Football.Players", "Football.Players\Football.Players.csproj", "{3FA3B79B-C190-49C4-9A3C-B4BAB1907C6A}"
EndProject
Global
	GlobalSection(SolutionConfigurationPlatforms) = preSolution
		Debug|Any CPU = Debug|Any CPU
		Release|Any CPU = Release|Any CPU
	EndGlobalSection
	GlobalSection(ProjectConfigurationPlatforms) = postSolution
		{2EA05673-9B2E-4E36-80CD-F9D6926F338D}.Debug|Any CPU.ActiveCfg = Debug|Any CPU
		{2EA05673-9B2E-4E36-80CD-F9D6926F338D}.Debug|Any CPU.Build.0 = Debug|Any CPU
		{2EA05673-9B2E-4E36-80CD-F9D6926F338D}.Release|Any CPU.ActiveCfg = Release|Any CPU
		{2EA05673-9B2E-4E36-80CD-F9D6926F338D}.Release|Any CPU.Build.0 = Release|Any CPU
		{36421247-1F6B-4A8A-B7D9-0F4FE492178C}.Debug|Any CPU.ActiveCfg = Debug|Any CPU
		{36421247-1F6B-4A8A-B7D9-0F4FE492178C}.Debug|Any CPU.Build.0 = Debug|Any CPU
		{36421247-1F6B-4A8A-B7D9-0F4FE492178C}.Release|Any CPU.ActiveCfg = Release|Any CPU
		{36421247-1F6B-4A8A-B7D9-0F4FE492178C}.Release|Any CPU.Build.0 = Release|Any CPU
		{402E91B2-E01B-4026-9B20-50176A01A324}.Debug|Any CPU.ActiveCfg = Debug|Any CPU
		{402E91B2-E01B-4026-9B20-50176A01A324}.Debug|Any CPU.Build.0 = Debug|Any CPU
		{402E91B2-E01B-4026-9B20-50176A01A324}.Release|Any CPU.ActiveCfg = Release|Any CPU
		{402E91B2-E01B-4026-9B20-50176A01A324}.Release|Any CPU.Build.0 = Release|Any CPU
		{A2571303-0E07-44F2-BFF4-DA36486FDE94}.Debug|Any CPU.ActiveCfg = Debug|Any CPU
		{A2571303-0E07-44F2-BFF4-DA36486FDE94}.Debug|Any CPU.Build.0 = Debug|Any CPU
		{A2571303-0E07-44F2-BFF4-DA36486FDE94}.Release|Any CPU.ActiveCfg = Release|Any CPU
		{A2571303-0E07-44F2-BFF4-DA36486FDE94}.Release|Any CPU.Build.0 = Release|Any CPU
		{D901228F-DA3D-43A2-8B66-D45C397E6B7A}.Debug|Any CPU.ActiveCfg = Debug|Any CPU
		{D901228F-DA3D-43A2-8B66-D45C397E6B7A}.Debug|Any CPU.Build.0 = Debug|Any CPU
		{D901228F-DA3D-43A2-8B66-D45C397E6B7A}.Release|Any CPU.ActiveCfg = Release|Any CPU
		{D901228F-DA3D-43A2-8B66-D45C397E6B7A}.Release|Any CPU.Build.0 = Release|Any CPU
		{F6A39569-6AA8-45EC-A248-5E83B4215C84}.Debug|Any CPU.ActiveCfg = Debug|Any CPU
		{F6A39569-6AA8-45EC-A248-5E83B4215C84}.Debug|Any CPU.Build.0 = Debug|Any CPU
		{F6A39569-6AA8-45EC-A248-5E83B4215C84}.Release|Any CPU.ActiveCfg = Release|Any CPU
		{F6A39569-6AA8-45EC-A248-5E83B4215C84}.Release|Any CPU.Build.0 = Release|Any CPU
		{02F2086A-AFFD-445E-8965-06DD33BCC1A3}.Debug|Any CPU.ActiveCfg = Debug|Any CPU
		{02F2086A-AFFD-445E-8965-06DD33BCC1A3}.Debug|Any CPU.Build.0 = Debug|Any CPU
		{02F2086A-AFFD-445E-8965-06DD33BCC1A3}.Release|Any CPU.ActiveCfg = Release|Any CPU
		{02F2086A-AFFD-445E-8965-06DD33BCC1A3}.Release|Any CPU.Build.0 = Release|Any CPU
		{3FA3B79B-C190-49C4-9A3C-B4BAB1907C6A}.Debug|Any CPU.ActiveCfg = Debug|Any CPU
		{3FA3B79B-C190-49C4-9A3C-B4BAB1907C6A}.Debug|Any CPU.Build.0 = Debug|Any CPU
		{3FA3B79B-C190-49C4-9A3C-B4BAB1907C6A}.Release|Any CPU.ActiveCfg = Release|Any CPU
		{3FA3B79B-C190-49C4-9A3C-B4BAB1907C6A}.Release|Any CPU.Build.0 = Release|Any CPU
	EndGlobalSection
	GlobalSection(SolutionProperties) = preSolution
		HideSolutionNode = FALSE
	EndGlobalSection
	GlobalSection(NestedProjects) = preSolution
		{36421247-1F6B-4A8A-B7D9-0F4FE492178C} = {747EBABE-16B2-4497-9347-9DACC3FBCCE8}
		{402E91B2-E01B-4026-9B20-50176A01A324} = {747EBABE-16B2-4497-9347-9DACC3FBCCE8}
	EndGlobalSection
	GlobalSection(ExtensibilityGlobals) = postSolution
		SolutionGuid = {8FD994A3-851F-46A2-9EC6-92E822DE3C77}
	EndGlobalSection
EndGlobal
